
Microsoft Visual Studio Solution File, Format Version 12.00
# Visual Studio 15
VisualStudioVersion = 15.0.35319.79
MinimumVisualStudioVersion = 10.0.40219.1
Project("{8BC9CEB8-8B4A-11D0-8D11-00A0C91BC942}") = "Вывода файла", "Вывода файла\Вывода файла.vcxproj", "{13B0DC5C-2975-4106-99A7-4566C30EEEEB}"
EndProject
Global
	GlobalSection(SolutionConfigurationPlatforms) = preSolution
		Debug|x64 = Debug|x64
		Debug|x86 = Debug|x86
		Release|x64 = Release|x64
		Release|x86 = Release|x86
	EndGlobalSection
	GlobalSection(ProjectConfigurationPlatforms) = postSolution
		{13B0DC5C-2975-4106-99A7-4566C30EEEEB}.Debug|x64.ActiveCfg = Debug|x64
		{13B0DC5C-2975-4106-99A7-4566C30EEEEB}.Debug|x64.Build.0 = Debug|x64
		{13B0DC5C-2975-4106-99A7-4566C30EEEEB}.Debug|x86.ActiveCfg = Debug|Win32
		{13B0DC5C-2975-4106-99A7-4566C30EEEEB}.Debug|x86.Build.0 = Debug|Win32
		{13B0DC5C-2975-4106-99A7-4566C30EEEEB}.Release|x64.ActiveCfg = Release|x64
		{13B0DC5C-2975-4106-99A7-4566C30EEEEB}.Release|x64.Build.0 = Release|x64
		{13B0DC5C-2975-4106-99A7-4566C30EEEEB}.Release|x86.ActiveCfg = Release|Win32
		{13B0DC5C-2975-4106-99A7-4566C30EEEEB}.Release|x86.Build.0 = Release|Win32
	EndGlobalSection
	GlobalSection(SolutionProperties) = preSolution
		HideSolutionNode = FALSE
	EndGlobalSection
	GlobalSection(ExtensibilityGlobals) = postSolution
		SolutionGuid = {6F21751F-EA0E-4EE6-BDD1-6A3858E8449D}
	EndGlobalSection
EndGlobal
